// !$*UTF8*$!
{
	archiveVersion = 1;
	classes = {
	};
	objectVersion = 50;
	objects = {

/* Begin PBXBuildFile section */
		6CEA634824AA5E9E00BC680C /* AppDelegate.swift in Sources */ = {isa = PBXBuildFile; fileRef = 6CEA634724AA5E9E00BC680C /* AppDelegate.swift */; };
		6CEA634A24AA5E9E00BC680C /* SceneDelegate.swift in Sources */ = {isa = PBXBuildFile; fileRef = 6CEA634924AA5E9E00BC680C /* SceneDelegate.swift */; };
		6CEA634C24AA5E9E00BC680C /* MainViewController.swift in Sources */ = {isa = PBXBuildFile; fileRef = 6CEA634B24AA5E9E00BC680C /* MainViewController.swift */; };
		6CEA634F24AA5E9E00BC680C /* Main.storyboard in Resources */ = {isa = PBXBuildFile; fileRef = 6CEA634D24AA5E9E00BC680C /* Main.storyboard */; };
		6CEA635124AA5E9F00BC680C /* Assets.xcassets in Resources */ = {isa = PBXBuildFile; fileRef = 6CEA635024AA5E9F00BC680C /* Assets.xcassets */; };
		6CEA635424AA5E9F00BC680C /* LaunchScreen.storyboard in Resources */ = {isa = PBXBuildFile; fileRef = 6CEA635224AA5E9F00BC680C /* LaunchScreen.storyboard */; };
		6CEA635C24AA610800BC680C /* FirstVC.swift in Sources */ = {isa = PBXBuildFile; fileRef = 6CEA635B24AA610800BC680C /* FirstVC.swift */; };
		6CEA635E24AA614100BC680C /* SecondVC.swift in Sources */ = {isa = PBXBuildFile; fileRef = 6CEA635D24AA614100BC680C /* SecondVC.swift */; };
		6CEA636124AA62AD00BC680C /* collectionTaskHolderViewCell.swift in Sources */ = {isa = PBXBuildFile; fileRef = 6CEA635F24AA62AD00BC680C /* collectionTaskHolderViewCell.swift */; };
		6CEA636224AA62AD00BC680C /* collectionTaskHolderViewCell.xib in Resources */ = {isa = PBXBuildFile; fileRef = 6CEA636024AA62AD00BC680C /* collectionTaskHolderViewCell.xib */; };
		6CEA636424AA75A700BC680C /* second.jpeg in Resources */ = {isa = PBXBuildFile; fileRef = 6CEA636324AA75A700BC680C /* second.jpeg */; };
		6CEA636624AA75C100BC680C /* first.jpeg in Resources */ = {isa = PBXBuildFile; fileRef = 6CEA636524AA75C100BC680C /* first.jpeg */; };
/* End PBXBuildFile section */

/* Begin PBXFileReference section */
		6CEA634424AA5E9E00BC680C /* PageViwer.app */ = {isa = PBXFileReference; explicitFileType = wrapper.application; includeInIndex = 0; path = PageViwer.app; sourceTree = BUILT_PRODUCTS_DIR; };
		6CEA634724AA5E9E00BC680C /* AppDelegate.swift */ = {isa = PBXFileReference; lastKnownFileType = sourcecode.swift; path = AppDelegate.swift; sourceTree = "<group>"; };
		6CEA634924AA5E9E00BC680C /* SceneDelegate.swift */ = {isa = PBXFileReference; lastKnownFileType = sourcecode.swift; path = SceneDelegate.swift; sourceTree = "<group>"; };
		6CEA634B24AA5E9E00BC680C /* MainViewController.swift */ = {isa = PBXFileReference; lastKnownFileType = sourcecode.swift; path = MainViewController.swift; sourceTree = "<group>"; };
		6CEA634E24AA5E9E00BC680C /* Base */ = {isa = PBXFileReference; lastKnownFileType = file.storyboard; name = Base; path = Base.lproj/Main.storyboard; sourceTree = "<group>"; };
		6CEA635024AA5E9F00BC680C /* Assets.xcassets */ = {isa = PBXFileReference; lastKnownFileType = folder.assetcatalog; path = Assets.xcassets; sourceTree = "<group>"; };
		6CEA635324AA5E9F00BC680C /* Base */ = {isa = PBXFileReference; lastKnownFileType = file.storyboard; name = Base; path = Base.lproj/LaunchScreen.storyboard; sourceTree = "<group>"; };
		6CEA635524AA5E9F00BC680C /* Info.plist */ = {isa = PBXFileReference; lastKnownFileType = text.plist.xml; path = Info.plist; sourceTree = "<group>"; };
		6CEA635B24AA610800BC680C /* FirstVC.swift */ = {isa = PBXFileReference; lastKnownFileType = sourcecode.swift; path = FirstVC.swift; sourceTree = "<group>"; };
		6CEA635D24AA614100BC680C /* SecondVC.swift */ = {isa = PBXFileReference; lastKnownFileType = sourcecode.swift; path = SecondVC.swift; sourceTree = "<group>"; };
		6CEA635F24AA62AD00BC680C /* collectionTaskHolderViewCell.swift */ = {isa = PBXFileReference; fileEncoding = 4; lastKnownFileType = sourcecode.swift; path = collectionTaskHolderViewCell.swift; sourceTree = "<group>"; };
		6CEA636024AA62AD00BC680C /* collectionTaskHolderViewCell.xib */ = {isa = PBXFileReference; fileEncoding = 4; lastKnownFileType = file.xib; path = collectionTaskHolderViewCell.xib; sourceTree = "<group>"; };
		6CEA636324AA75A700BC680C /* second.jpeg */ = {isa = PBXFileReference; lastKnownFileType = image.jpeg; path = second.jpeg; sourceTree = "<group>"; };
		6CEA636524AA75C100BC680C /* first.jpeg */ = {isa = PBXFileReference; lastKnownFileType = image.jpeg; path = first.jpeg; sourceTree = "<group>"; };
/* End PBXFileReference section */

/* Begin PBXFrameworksBuildPhase section */
		6CEA634124AA5E9E00BC680C /* Frameworks */ = {
			isa = PBXFrameworksBuildPhase;
			buildActionMask = 2147483647;
			files = (
			);
			runOnlyForDeploymentPostprocessing = 0;
		};
/* End PBXFrameworksBuildPhase section */

/* Begin PBXGroup section */
		6CEA633B24AA5E9E00BC680C = {
			isa = PBXGroup;
			children = (
				6CEA634624AA5E9E00BC680C /* PageViwer */,
				6CEA634524AA5E9E00BC680C /* Products */,
			);
			sourceTree = "<group>";
		};
		6CEA634524AA5E9E00BC680C /* Products */ = {
			isa = PBXGroup;
			children = (
				6CEA634424AA5E9E00BC680C /* PageViwer.app */,
			);
			name = Products;
			sourceTree = "<group>";
		};
		6CEA634624AA5E9E00BC680C /* PageViwer */ = {
			isa = PBXGroup;
			children = (
				6CEA636324AA75A700BC680C /* second.jpeg */,
				6CEA636524AA75C100BC680C /* first.jpeg */,
				6CEA636024AA62AD00BC680C /* collectionTaskHolderViewCell.xib */,
				6CEA634724AA5E9E00BC680C /* AppDelegate.swift */,
				6CEA635F24AA62AD00BC680C /* collectionTaskHolderViewCell.swift */,
				6CEA634924AA5E9E00BC680C /* SceneDelegate.swift */,
				6CEA634B24AA5E9E00BC680C /* MainViewController.swift */,
				6CEA634D24AA5E9E00BC680C /* Main.storyboard */,
				6CEA635024AA5E9F00BC680C /* Assets.xcassets */,
				6CEA635224AA5E9F00BC680C /* LaunchScreen.storyboard */,
				6CEA635524AA5E9F00BC680C /* Info.plist */,
				6CEA635B24AA610800BC680C /* FirstVC.swift */,
				6CEA635D24AA614100BC680C /* SecondVC.swift */,
			);
			path = PageViwer;
			sourceTree = "<group>";
		};
/* End PBXGroup section */

/* Begin PBXNativeTarget section */
		6CEA634324AA5E9E00BC680C /* PageViwer */ = {
			isa = PBXNativeTarget;
			buildConfigurationList = 6CEA635824AA5E9F00BC680C /* Build configuration list for PBXNativeTarget "PageViwer" */;
			buildPhases = (
				6CEA634024AA5E9E00BC680C /* Sources */,
				6CEA634124AA5E9E00BC680C /* Frameworks */,
				6CEA634224AA5E9E00BC680C /* Resources */,
			);
			buildRules = (
			);
			dependencies = (
			);
			name = PageViwer;
			productName = PageViwer;
			productReference = 6CEA634424AA5E9E00BC680C /* PageViwer.app */;
			productType = "com.apple.product-type.application";
		};
/* End PBXNativeTarget section */

/* Begin PBXProject section */
		6CEA633C24AA5E9E00BC680C /* Project object */ = {
			isa = PBXProject;
			attributes = {
				LastSwiftUpdateCheck = 1120;
				LastUpgradeCheck = 1120;
				ORGANIZATIONNAME = "Sudeb Sarkar";
				TargetAttributes = {
					6CEA634324AA5E9E00BC680C = {
						CreatedOnToolsVersion = 11.2.1;
					};
				};
			};
			buildConfigurationList = 6CEA633F24AA5E9E00BC680C /* Build configuration list for PBXProject "PageViwer" */;
			compatibilityVersion = "Xcode 9.3";
			developmentRegion = en;
			hasScannedForEncodings = 0;
			knownRegions = (
				en,
				Base,
			);
			mainGroup = 6CEA633B24AA5E9E00BC680C;
			productRefGroup = 6CEA634524AA5E9E00BC680C /* Products */;
			projectDirPath = "";
			projectRoot = "";
			targets = (
				6CEA634324AA5E9E00BC680C /* PageViwer */,
			);
		};
/* End PBXProject section */

/* Begin PBXResourcesBuildPhase section */
		6CEA634224AA5E9E00BC680C /* Resources */ = {
			isa = PBXResourcesBuildPhase;
			buildActionMask = 2147483647;
			files = (
				6CEA636624AA75C100BC680C /* first.jpeg in Resources */,
				6CEA635424AA5E9F00BC680C /* LaunchScreen.storyboard in Resources */,
				6CEA635124AA5E9F00BC680C /* Assets.xcassets in Resources */,
				6CEA636224AA62AD00BC680C /* collectionTaskHolderViewCell.xib in Resources */,
				6CEA634F24AA5E9E00BC680C /* Main.storyboard in Resources */,
				6CEA636424AA75A700BC680C /* second.jpeg in Resources */,
			);
			runOnlyForDeploymentPostprocessing = 0;
		};
/* End PBXResourcesBuildPhase section */

/* Begin PBXSourcesBuildPhase section */
		6CEA634024AA5E9E00BC680C /* Sources */ = {
			isa = PBXSourcesBuildPhase;
			buildActionMask = 2147483647;
			files = (
				6CEA634C24AA5E9E00BC680C /* MainViewController.swift in Sources */,
				6CEA635E24AA614100BC680C /* SecondVC.swift in Sources */,
				6CEA635C24AA610800BC680C /* FirstVC.swift in Sources */,
				6CEA636124AA62AD00BC680C /* collectionTaskHolderViewCell.swift in Sources */,
				6CEA634824AA5E9E00BC680C /* AppDelegate.swift in Sources */,
				6CEA634A24AA5E9E00BC680C /* SceneDelegate.swift in Sources */,
			);
			runOnlyForDeploymentPostprocessing = 0;
		};
/* End PBXSourcesBuildPhase section */

/* Begin PBXVariantGroup section */
		6CEA634D24AA5E9E00BC680C /* Main.storyboard */ = {
			isa = PBXVariantGroup;
			children = (
				6CEA634E24AA5E9E00BC680C /* Base */,
			);
			name = Main.storyboard;
			sourceTree = "<group>";
		};
		6CEA635224AA5E9F00BC680C /* LaunchScreen.storyboard */ = {
			isa = PBXVariantGroup;
			children = (
				6CEA635324AA5E9F00BC680C /* Base */,
			);
			name = LaunchScreen.storyboard;
			sourceTree = "<group>";
		};
/* End PBXVariantGroup section */

/* Begin XCBuildConfiguration section */
		6CEA635624AA5E9F00BC680C /* Debug */ = {
			isa = XCBuildConfiguration;
			buildSettings = {
				ALWAYS_SEARCH_USER_PATHS = NO;
				CLANG_ANALYZER_NONNULL = YES;
				CLANG_ANALYZER_NUMBER_OBJECT_CONVERSION = YES_AGGRESSIVE;
				CLANG_CXX_LANGUAGE_STANDARD = "gnu++14";
				CLANG_CXX_LIBRARY = "libc++";
				CLANG_ENABLE_MODULES = YES;
				CLANG_ENABLE_OBJC_ARC = YES;
				CLANG_ENABLE_OBJC_WEAK = YES;
				CLANG_WARN_BLOCK_CAPTURE_AUTORELEASING = YES;
				CLANG_WARN_BOOL_CONVERSION = YES;
				CLANG_WARN_COMMA = YES;
				CLANG_WARN_CONSTANT_CONVERSION = YES;
				CLANG_WARN_DEPRECATED_OBJC_IMPLEMENTATIONS = YES;
				CLANG_WARN_DIRECT_OBJC_ISA_USAGE = YES_ERROR;
				CLANG_WARN_DOCUMENTATION_COMMENTS = YES;
				CLANG_WARN_EMPTY_BODY = YES;
				CLANG_WARN_ENUM_CONVERSION = YES;
				CLANG_WARN_INFINITE_RECURSION = YES;
				CLANG_WARN_INT_CONVERSION = YES;
				CLANG_WARN_NON_LITERAL_NULL_CONVERSION = YES;
				CLANG_WARN_OBJC_IMPLICIT_RETAIN_SELF = YES;
				CLANG_WARN_OBJC_LITERAL_CONVERSION = YES;
				CLANG_WARN_OBJC_ROOT_CLASS = YES_ERROR;
				CLANG_WARN_RANGE_LOOP_ANALYSIS = YES;
				CLANG_WARN_STRICT_PROTOTYPES = YES;
				CLANG_WARN_SUSPICIOUS_MOVE = YES;
				CLANG_WARN_UNGUARDED_AVAILABILITY = YES_AGGRESSIVE;
				CLANG_WARN_UNREACHABLE_CODE = YES;
				CLANG_WARN__DUPLICATE_METHOD_MATCH = YES;
				COPY_PHASE_STRIP = NO;
				DEBUG_INFORMATION_FORMAT = dwarf;
				ENABLE_STRICT_OBJC_MSGSEND = YES;
				ENABLE_TESTABILITY = YES;
				GCC_C_LANGUAGE_STANDARD = gnu11;
				GCC_DYNAMIC_NO_PIC = NO;
				GCC_NO_COMMON_BLOCKS = YES;
				GCC_OPTIMIZATION_LEVEL = 0;
				GCC_PREPROCESSOR_DEFINITIONS = (
					"DEBUG=1",
					"$(inherited)",
				);
				GCC_WARN_64_TO_32_BIT_CONVERSION = YES;
				GCC_WARN_ABOUT_RETURN_TYPE = YES_ERROR;
				GCC_WARN_UNDECLARED_SELECTOR = YES;
				GCC_WARN_UNINITIALIZED_AUTOS = YES_AGGRESSIVE;
				GCC_WARN_UNUSED_FUNCTION = YES;
				GCC_WARN_UNUSED_VARIABLE = YES;
				IPHONEOS_DEPLOYMENT_TARGET = 13.2;
				MTL_ENABLE_DEBUG_INFO = INCLUDE_SOURCE;
				MTL_FAST_MATH = YES;
				ONLY_ACTIVE_ARCH = YES;
				SDKROOT = iphoneos;
				SWIFT_ACTIVE_COMPILATION_CONDITIONS = DEBUG;
				SWIFT_OPTIMIZATION_LEVEL = "-Onone";
			};
			name = Debug;
		};
		6CEA635724AA5E9F00BC680C /* Release */ = {
			isa = XCBuildConfiguration;
			buildSettings = {
				ALWAYS_SEARCH_USER_PATHS = NO;
				CLANG_ANALYZER_NONNULL = YES;
				CLANG_ANALYZER_NUMBER_OBJECT_CONVERSION = YES_AGGRESSIVE;
				CLANG_CXX_LANGUAGE_STANDARD = "gnu++14";
				CLANG_CXX_LIBRARY = "libc++";
				CLANG_ENABLE_MODULES = YES;
				CLANG_ENABLE_OBJC_ARC = YES;
				CLANG_ENABLE_OBJC_WEAK = YES;
				CLANG_WARN_BLOCK_CAPTURE_AUTORELEASING = YES;
				CLANG_WARN_BOOL_CONVERSION = YES;
				CLANG_WARN_COMMA = YES;
				CLANG_WARN_CONSTANT_CONVERSION = YES;
				CLANG_WARN_DEPRECATED_OBJC_IMPLEMENTATIONS = YES;
				CLANG_WARN_DIRECT_OBJC_ISA_USAGE = YES_ERROR;
				CLANG_WARN_DOCUMENTATION_COMMENTS = YES;
				CLANG_WARN_EMPTY_BODY = YES;
				CLANG_WARN_ENUM_CONVERSION = YES;
				CLANG_WARN_INFINITE_RECURSION = YES;
				CLANG_WARN_INT_CONVERSION = YES;
				CLANG_WARN_NON_LITERAL_NULL_CONVERSION = YES;
				CLANG_WARN_OBJC_IMPLICIT_RETAIN_SELF = YES;
				CLANG_WARN_OBJC_LITERAL_CONVERSION = YES;
				CLANG_WARN_OBJC_ROOT_CLASS = YES_ERROR;
				CLANG_WARN_RANGE_LOOP_ANALYSIS = YES;
				CLANG_WARN_STRICT_PROTOTYPES = YES;
				CLANG_WARN_SUSPICIOUS_MOVE = YES;
				CLANG_WARN_UNGUARDED_AVAILABILITY = YES_AGGRESSIVE;
				CLANG_WARN_UNREACHABLE_CODE = YES;
				CLANG_WARN__DUPLICATE_METHOD_MATCH = YES;
				COPY_PHASE_STRIP = NO;
				DEBUG_INFORMATION_FORMAT = "dwarf-with-dsym";
				ENABLE_NS_ASSERTIONS = NO;
				ENABLE_STRICT_OBJC_MSGSEND = YES;
				GCC_C_LANGUAGE_STANDARD = gnu11;
				GCC_NO_COMMON_BLOCKS = YES;
				GCC_WARN_64_TO_32_BIT_CONVERSION = YES;
				GCC_WARN_ABOUT_RETURN_TYPE = YES_ERROR;
				GCC_WARN_UNDECLARED_SELECTOR = YES;
				GCC_WARN_UNINITIALIZED_AUTOS = YES_AGGRESSIVE;
				GCC_WARN_UNUSED_FUNCTION = YES;
				GCC_WARN_UNUSED_VARIABLE = YES;
				IPHONEOS_DEPLOYMENT_TARGET = 13.2;
				MTL_ENABLE_DEBUG_INFO = NO;
				MTL_FAST_MATH = YES;
				SDKROOT = iphoneos;
				SWIFT_COMPILATION_MODE = wholemodule;
				SWIFT_OPTIMIZATION_LEVEL = "-O";
				VALIDATE_PRODUCT = YES;
			};
			name = Release;
		};
		6CEA635924AA5E9F00BC680C /* Debug */ = {
			isa = XCBuildConfiguration;
			buildSettings = {
				ASSETCATALOG_COMPILER_APPICON_NAME = AppIcon;
				CODE_SIGN_STYLE = Automatic;
				INFOPLIST_FILE = PageViwer/Info.plist;
				LD_RUNPATH_SEARCH_PATHS = (
					"$(inherited)",
					"@executable_path/Frameworks",
				);
				PRODUCT_BUNDLE_IDENTIFIER = cvom.PageViwer;
				PRODUCT_NAME = "$(TARGET_NAME)";
				SWIFT_VERSION = 5.0;
				TARGETED_DEVICE_FAMILY = "1,2";
			};
			name = Debug;
		};
		6CEA635A24AA5E9F00BC680C /* Release */ = {
			isa = XCBuildConfiguration;
			buildSettings = {
				ASSETCATALOG_COMPILER_APPICON_NAME = AppIcon;
				CODE_SIGN_STYLE = Automatic;
				INFOPLIST_FILE = PageViwer/Info.plist;
				LD_RUNPATH_SEARCH_PATHS = (
					"$(inherited)",
					"@executable_path/Frameworks",
				);
				PRODUCT_BUNDLE_IDENTIFIER = cvom.PageViwer;
				PRODUCT_NAME = "$(TARGET_NAME)";
				SWIFT_VERSION = 5.0;
				TARGETED_DEVICE_FAMILY = "1,2";
			};
			name = Release;
		};
/* End XCBuildConfiguration section */

/* Begin XCConfigurationList section */
		6CEA633F24AA5E9E00BC680C /* Build configuration list for PBXProject "PageViwer" */ = {
			isa = XCConfigurationList;
			buildConfigurations = (
				6CEA635624AA5E9F00BC680C /* Debug */,
				6CEA635724AA5E9F00BC680C /* Release */,
			);
			defaultConfigurationIsVisible = 0;
			defaultConfigurationName = Release;
		};
		6CEA635824AA5E9F00BC680C /* Build configuration list for PBXNativeTarget "PageViwer" */ = {
			isa = XCConfigurationList;
			buildConfigurations = (
				6CEA635924AA5E9F00BC680C /* Debug */,
				6CEA635A24AA5E9F00BC680C /* Release */,
			);
			defaultConfigurationIsVisible = 0;
			defaultConfigurationName = Release;
		};
/* End XCConfigurationList section */
	};
	rootObject = 6CEA633C24AA5E9E00BC680C /* Project object */;
}
